// !$*UTF8*$!
{
	archiveVersion = 1;
	classes = {
	};
	objectVersion = 46;
	objects = {

/* Begin PBXBuildFile section */
		2CFF3B531EB31D9400454658 /* AppDelegate.swift in Sources */ = {isa = PBXBuildFile; fileRef = 2CFF3B521EB31D9400454658 /* AppDelegate.swift */; };
		2CFF3B551EB31D9400454658 /* ViewController.swift in Sources */ = {isa = PBXBuildFile; fileRef = 2CFF3B541EB31D9400454658 /* ViewController.swift */; };
		2CFF3B581EB31D9400454658 /* Main.storyboard in Resources */ = {isa = PBXBuildFile; fileRef = 2CFF3B561EB31D9400454658 /* Main.storyboard */; };
		2CFF3B5A1EB31D9400454658 /* Assets.xcassets in Resources */ = {isa = PBXBuildFile; fileRef = 2CFF3B591EB31D9400454658 /* Assets.xcassets */; };
		2CFF3B5D1EB31D9500454658 /* LaunchScreen.storyboard in Resources */ = {isa = PBXBuildFile; fileRef = 2CFF3B5B1EB31D9500454658 /* LaunchScreen.storyboard */; };
/* End PBXBuildFile section */

/* Begin PBXFileReference section */
		2CFF3B4F1EB31D9300454658 /* Coinflip.app */ = {isa = PBXFileReference; explicitFileType = wrapper.application; includeInIndex = 0; path = Coinflip.app; sourceTree = BUILT_PRODUCTS_DIR; };
		2CFF3B521EB31D9400454658 /* AppDelegate.swift */ = {isa = PBXFileReference; lastKnownFileType = sourcecode.swift; path = AppDelegate.swift; sourceTree = "<group>"; };
		2CFF3B541EB31D9400454658 /* ViewController.swift */ = {isa = PBXFileReference; indentWidth = 2; lastKnownFileType = sourcecode.swift; path = ViewController.swift; sourceTree = "<group>"; tabWidth = 2; };
		2CFF3B571EB31D9400454658 /* Base */ = {isa = PBXFileReference; lastKnownFileType = file.storyboard; name = Base; path = Base.lproj/Main.storyboard; sourceTree = "<group>"; };
		2CFF3B591EB31D9400454658 /* Assets.xcassets */ = {isa = PBXFileReference; lastKnownFileType = folder.assetcatalog; path = Assets.xcassets; sourceTree = "<group>"; };
		2CFF3B5C1EB31D9500454658 /* Base */ = {isa = PBXFileReference; lastKnownFileType = file.storyboard; name = Base; path = Base.lproj/LaunchScreen.storyboard; sourceTree = "<group>"; };
		2CFF3B5E1EB31D9500454658 /* Info.plist */ = {isa = PBXFileReference; lastKnownFileType = text.plist.xml; path = Info.plist; sourceTree = "<group>"; };
/* End PBXFileReference section */

/* Begin PBXFrameworksBuildPhase section */
		2CFF3B4C1EB31D9300454658 /* Frameworks */ = {
			isa = PBXFrameworksBuildPhase;
			buildActionMask = 2147483647;
			files = (
			);
			runOnlyForDeploymentPostprocessing = 0;
		};
/* End PBXFrameworksBuildPhase section */

/* Begin PBXGroup section */
		2CFF3B461EB31D9300454658 = {
			isa = PBXGroup;
			children = (
				2CFF3B511EB31D9400454658 /* Coinflip */,
				2CFF3B501EB31D9400454658 /* Products */,
			);
			sourceTree = "<group>";
		};
		2CFF3B501EB31D9400454658 /* Products */ = {
			isa = PBXGroup;
			children = (
				2CFF3B4F1EB31D9300454658 /* Coinflip.app */,
			);
			name = Products;
			sourceTree = "<group>";
		};
		2CFF3B511EB31D9400454658 /* Coinflip */ = {
			isa = PBXGroup;
			children = (
				2CFF3B521EB31D9400454658 /* AppDelegate.swift */,
				2CFF3B541EB31D9400454658 /* ViewController.swift */,
				2CFF3B561EB31D9400454658 /* Main.storyboard */,
				2CFF3B591EB31D9400454658 /* Assets.xcassets */,
				2CFF3B5B1EB31D9500454658 /* LaunchScreen.storyboard */,
				2CFF3B5E1EB31D9500454658 /* Info.plist */,
			);
			path = Coinflip;
			sourceTree = "<group>";
		};
/* End PBXGroup section */

/* Begin PBXNativeTarget section */
		2CFF3B4E1EB31D9300454658 /* Coinflip */ = {
			isa = PBXNativeTarget;
			buildConfigurationList = 2CFF3B611EB31D9500454658 /* Build configuration list for PBXNativeTarget "Coinflip" */;
			buildPhases = (
				2CFF3B4B1EB31D9300454658 /* Sources */,
				2CFF3B4C1EB31D9300454658 /* Frameworks */,
				2CFF3B4D1EB31D9300454658 /* Resources */,
			);
			buildRules = (
			);
			dependencies = (
			);
			name = Coinflip;
			productName = Coinflip;
			productReference = 2CFF3B4F1EB31D9300454658 /* Coinflip.app */;
			productType = "com.apple.product-type.application";
		};
/* End PBXNativeTarget section */

/* Begin PBXProject section */
		2CFF3B471EB31D9300454658 /* Project object */ = {
			isa = PBXProject;
			attributes = {
				LastSwiftUpdateCheck = 0830;
				LastUpgradeCheck = 0830;
				ORGANIZATIONNAME = "Cale Woodley";
				TargetAttributes = {
					2CFF3B4E1EB31D9300454658 = {
						CreatedOnToolsVersion = 8.3.2;
						DevelopmentTeam = 25NN5A87K3;
						ProvisioningStyle = Automatic;
					};
				};
			};
			buildConfigurationList = 2CFF3B4A1EB31D9300454658 /* Build configuration list for PBXProject "Coinflip" */;
			compatibilityVersion = "Xcode 3.2";
			developmentRegion = English;
			hasScannedForEncodings = 0;
			knownRegions = (
				en,
				Base,
			);
			mainGroup = 2CFF3B461EB31D9300454658;
			productRefGroup = 2CFF3B501EB31D9400454658 /* Products */;
			projectDirPath = "";
			projectRoot = "";
			targets = (
				2CFF3B4E1EB31D9300454658 /* Coinflip */,
			);
		};
/* End PBXProject section */

/* Begin PBXResourcesBuildPhase section */
		2CFF3B4D1EB31D9300454658 /* Resources */ = {
			isa = PBXResourcesBuildPhase;
			buildActionMask = 2147483647;
			files = (
				2CFF3B5D1EB31D9500454658 /* LaunchScreen.storyboard in Resources */,
				2CFF3B5A1EB31D9400454658 /* Assets.xcassets in Resources */,
				2CFF3B581EB31D9400454658 /* Main.storyboard in Resources */,
			);
			runOnlyForDeploymentPostprocessing = 0;
		};
/* End PBXResourcesBuildPhase section */

/* Begin PBXSourcesBuildPhase section */
		2CFF3B4B1EB31D9300454658 /* Sources */ = {
			isa = PBXSourcesBuildPhase;
			buildActionMask = 2147483647;
			files = (
				2CFF3B551EB31D9400454658 /* ViewController.swift in Sources */,
				2CFF3B531EB31D9400454658 /* AppDelegate.swift in Sources */,
			);
			runOnlyForDeploymentPostprocessing = 0;
		};
/* End PBXSourcesBuildPhase section */

/* Begin PBXVariantGroup section */
		2CFF3B561EB31D9400454658 /* Main.storyboard */ = {
			isa = PBXVariantGroup;
			children = (
				2CFF3B571EB31D9400454658 /* Base */,
			);
			name = Main.storyboard;
			sourceTree = "<group>";
		};
		2CFF3B5B1EB31D9500454658 /* LaunchScreen.storyboard */ = {
			isa = PBXVariantGroup;
			children = (
				2CFF3B5C1EB31D9500454658 /* Base */,
			);
			name = LaunchScreen.storyboard;
			sourceTree = "<group>";
		};
/* End PBXVariantGroup section */

/* Begin XCBuildConfiguration section */
		2CFF3B5F1EB31D9500454658 /* Debug */ = {
			isa = XCBuildConfiguration;
			buildSettings = {
				ALWAYS_SEARCH_USER_PATHS = NO;
				CLANG_ANALYZER_NONNULL = YES;
				CLANG_ANALYZER_NUMBER_OBJECT_CONVERSION = YES_AGGRESSIVE;
				CLANG_CXX_LANGUAGE_STANDARD = "gnu++0x";
				CLANG_CXX_LIBRARY = "libc++";
				CLANG_ENABLE_MODULES = YES;
				CLANG_ENABLE_OBJC_ARC = YES;
				CLANG_WARN_BOOL_CONVERSION = YES;
				CLANG_WARN_CONSTANT_CONVERSION = YES;
				CLANG_WARN_DIRECT_OBJC_ISA_USAGE = YES_ERROR;
				CLANG_WARN_DOCUMENTATION_COMMENTS = YES;
				CLANG_WARN_EMPTY_BODY = YES;
				CLANG_WARN_ENUM_CONVERSION = YES;
				CLANG_WARN_INFINITE_RECURSION = YES;
				CLANG_WARN_INT_CONVERSION = YES;
				CLANG_WARN_OBJC_ROOT_CLASS = YES_ERROR;
				CLANG_WARN_SUSPICIOUS_MOVE = YES;
				CLANG_WARN_UNREACHABLE_CODE = YES;
				CLANG_WARN__DUPLICATE_METHOD_MATCH = YES;
				"CODE_SIGN_IDENTITY[sdk=iphoneos*]" = "iPhone Developer";
				COPY_PHASE_STRIP = NO;
				DEBUG_INFORMATION_FORMAT = dwarf;
				ENABLE_STRICT_OBJC_MSGSEND = YES;
				ENABLE_TESTABILITY = YES;
				GCC_C_LANGUAGE_STANDARD = gnu99;
				GCC_DYNAMIC_NO_PIC = NO;
				GCC_NO_COMMON_BLOCKS = YES;
				GCC_OPTIMIZATION_LEVEL = 0;
				GCC_PREPROCESSOR_DEFINITIONS = (
					"DEBUG=1",
					"$(inherited)",
				);
				GCC_WARN_64_TO_32_BIT_CONVERSION = YES;
				GCC_WARN_ABOUT_RETURN_TYPE = YES_ERROR;
				GCC_WARN_UNDECLARED_SELECTOR = YES;
				GCC_WARN_UNINITIALIZED_AUTOS = YES_AGGRESSIVE;
				GCC_WARN_UNUSED_FUNCTION = YES;
				GCC_WARN_UNUSED_VARIABLE = YES;
				IPHONEOS_DEPLOYMENT_TARGET = 10.3;
				MTL_ENABLE_DEBUG_INFO = YES;
				ONLY_ACTIVE_ARCH = YES;
				SDKROOT = iphoneos;
				SWIFT_ACTIVE_COMPILATION_CONDITIONS = DEBUG;
				SWIFT_OPTIMIZATION_LEVEL = "-Onone";
			};
			name = Debug;
		};
		2CFF3B601EB31D9500454658 /* Release */ = {
			isa = XCBuildConfiguration;
			buildSettings = {
				ALWAYS_SEARCH_USER_PATHS = NO;
				CLANG_ANALYZER_NONNULL = YES;
				CLANG_ANALYZER_NUMBER_OBJECT_CONVERSION = YES_AGGRESSIVE;
				CLANG_CXX_LANGUAGE_STANDARD = "gnu++0x";
				CLANG_CXX_LIBRARY = "libc++";
				CLANG_ENABLE_MODULES = YES;
				CLANG_ENABLE_OBJC_ARC = YES;
				CLANG_WARN_BOOL_CONVERSION = YES;
				CLANG_WARN_CONSTANT_CONVERSION = YES;
				CLANG_WARN_DIRECT_OBJC_ISA_USAGE = YES_ERROR;
				CLANG_WARN_DOCUMENTATION_COMMENTS = YES;
				CLANG_WARN_EMPTY_BODY = YES;
				CLANG_WARN_ENUM_CONVERSION = YES;
				CLANG_WARN_INFINITE_RECURSION = YES;
				CLANG_WARN_INT_CONVERSION = YES;
				CLANG_WARN_OBJC_ROOT_CLASS = YES_ERROR;
				CLANG_WARN_SUSPICIOUS_MOVE = YES;
				CLANG_WARN_UNREACHABLE_CODE = YES;
				CLANG_WARN__DUPLICATE_METHOD_MATCH = YES;
				"CODE_SIGN_IDENTITY[sdk=iphoneos*]" = "iPhone Developer";
				COPY_PHASE_STRIP = NO;
				DEBUG_INFORMATION_FORMAT = "dwarf-with-dsym";
				ENABLE_NS_ASSERTIONS = NO;
				ENABLE_STRICT_OBJC_MSGSEND = YES;
				GCC_C_LANGUAGE_STANDARD = gnu99;
				GCC_NO_COMMON_BLOCKS = YES;
				GCC_WARN_64_TO_32_BIT_CONVERSION = YES;
				GCC_WARN_ABOUT_RETURN_TYPE = YES_ERROR;
				GCC_WARN_UNDECLARED_SELECTOR = YES;
				GCC_WARN_UNINITIALIZED_AUTOS = YES_AGGRESSIVE;
				GCC_WARN_UNUSED_FUNCTION = YES;
				GCC_WARN_UNUSED_VARIABLE = YES;
				IPHONEOS_DEPLOYMENT_TARGET = 10.3;
				MTL_ENABLE_DEBUG_INFO = NO;
				SDKROOT = iphoneos;
				SWIFT_OPTIMIZATION_LEVEL = "-Owholemodule";
				VALIDATE_PRODUCT = YES;
			};
			name = Release;
		};
		2CFF3B621EB31D9500454658 /* Debug */ = {
			isa = XCBuildConfiguration;
			buildSettings = {
				ASSETCATALOG_COMPILER_APPICON_NAME = AppIcon;
				DEVELOPMENT_TEAM = 25NN5A87K3;
				INFOPLIST_FILE = Coinflip/Info.plist;
				LD_RUNPATH_SEARCH_PATHS = "$(inherited) @executable_path/Frameworks";
				PRODUCT_BUNDLE_IDENTIFIER = com.cobalt343.Coinflip;
				PRODUCT_NAME = "$(TARGET_NAME)";
				SWIFT_VERSION = 3.0;
			};
			name = Debug;
		};
		2CFF3B631EB31D9500454658 /* Release */ = {
			isa = XCBuildConfiguration;
			buildSettings = {
				ASSETCATALOG_COMPILER_APPICON_NAME = AppIcon;
				DEVELOPMENT_TEAM = 25NN5A87K3;
				INFOPLIST_FILE = Coinflip/Info.plist;
				LD_RUNPATH_SEARCH_PATHS = "$(inherited) @executable_path/Frameworks";
				PRODUCT_BUNDLE_IDENTIFIER = com.cobalt343.Coinflip;
				PRODUCT_NAME = "$(TARGET_NAME)";
				SWIFT_VERSION = 3.0;
			};
			name = Release;
		};
/* End XCBuildConfiguration section */

/* Begin XCConfigurationList section */
		2CFF3B4A1EB31D9300454658 /* Build configuration list for PBXProject "Coinflip" */ = {
			isa = XCConfigurationList;
			buildConfigurations = (
				2CFF3B5F1EB31D9500454658 /* Debug */,
				2CFF3B601EB31D9500454658 /* Release */,
			);
			defaultConfigurationIsVisible = 0;
			defaultConfigurationName = Release;
		};
		2CFF3B611EB31D9500454658 /* Build configuration list for PBXNativeTarget "Coinflip" */ = {
			isa = XCConfigurationList;
			buildConfigurations = (
				2CFF3B621EB31D9500454658 /* Debug */,
				2CFF3B631EB31D9500454658 /* Release */,
			);
			defaultConfigurationIsVisible = 0;
		};
/* End XCConfigurationList section */
	};
	rootObject = 2CFF3B471EB31D9300454658 /* Project object */;
}
